
Microsoft Visual Studio Solution File, Format Version 12.00
# Visual Studio Version 17
VisualStudioVersion = 17.8.34525.116
MinimumVisualStudioVersion = 10.0.40219.1
Project("{8BC9CEB8-8B4A-11D0-8D11-00A0C91BC942}") = "ProtectionService", "ProtectionService.vcxproj", "{7CCCC5CA-0F13-458A-A831-7955B46A904F}"
EndProject
Global
	GlobalSection(SolutionConfigurationPlatforms) = preSolution
		Debug|x64 = Debug|x64
		Debug|x86 = Debug|x86
		Release|x64 = Release|x64
		Release|x86 = Release|x86
	EndGlobalSection
	GlobalSection(ProjectConfigurationPlatforms) = postSolution
		{7CCCC5CA-0F13-458A-A831-7955B46A904F}.Debug|x64.ActiveCfg = Debug|x64
		{7CCCC5CA-0F13-458A-A831-7955B46A904F}.Debug|x64.Build.0 = Debug|x64
		{7CCCC5CA-0F13-458A-A831-7955B46A904F}.Debug|x86.ActiveCfg = Debug|Win32
		{7CCCC5CA-0F13-458A-A831-7955B46A904F}.Debug|x86.Build.0 = Debug|Win32
		{7CCCC5CA-0F13-458A-A831-7955B46A904F}.Release|x64.ActiveCfg = Release|x64
		{7CCCC5CA-0F13-458A-A831-7955B46A904F}.Release|x64.Build.0 = Release|x64
		{7CCCC5CA-0F13-458A-A831-7955B46A904F}.Release|x86.ActiveCfg = Release|Win32
		{7CCCC5CA-0F13-458A-A831-7955B46A904F}.Release|x86.Build.0 = Release|Win32
	EndGlobalSection
	GlobalSection(SolutionProperties) = preSolution
		HideSolutionNode = FALSE
	EndGlobalSection
	GlobalSection(ExtensibilityGlobals) = postSolution
		SolutionGuid = {651E01E6-ED8B-45EF-BC9F-B835FA0ECA36}
	EndGlobalSection
EndGlobal
